
Microsoft Visual Studio Solution File, Format Version 12.00
# Visual Studio Version 16
VisualStudioVersion = 16.0.30011.22
MinimumVisualStudioVersion = 10.0.40219.1
Project("{9A19103F-16F7-4668-BE54-9A1E7A4F7556}") = "CrosswordPuzzle", "CrosswordPuzzle.csproj", "{CE79D85A-F9A6-4D27-AF5E-68CED711CE1F}"
EndProject
Global
	GlobalSection(SolutionConfigurationPlatforms) = preSolution
		Debug|Any CPU = Debug|Any CPU
		Release|Any CPU = Release|Any CPU
	EndGlobalSection
	GlobalSection(ProjectConfigurationPlatforms) = postSolution
		{CE79D85A-F9A6-4D27-AF5E-68CED711CE1F}.Debug|Any CPU.ActiveCfg = Debug|Any CPU
		{CE79D85A-F9A6-4D27-AF5E-68CED711CE1F}.Debug|Any CPU.Build.0 = Debug|Any CPU
		{CE79D85A-F9A6-4D27-AF5E-68CED711CE1F}.Release|Any CPU.ActiveCfg = Release|Any CPU
		{CE79D85A-F9A6-4D27-AF5E-68CED711CE1F}.Release|Any CPU.Build.0 = Release|Any CPU
	EndGlobalSection
	GlobalSection(SolutionProperties) = preSolution
		HideSolutionNode = FALSE
	EndGlobalSection
	GlobalSection(ExtensibilityGlobals) = postSolution
		SolutionGuid = {158701E9-30B5-4214-B7EA-374C97FC7A86}
	EndGlobalSection
EndGlobal
